
Microsoft Visual Studio Solution File, Format Version 12.00
# Visual Studio Version 17
VisualStudioVersion = 17.3.32922.545
MinimumVisualStudioVersion = 10.0.40219.1
Project("{FAE04EC0-301F-11D3-BF4B-00C04F79EFBC}") = "HotelListing.API", "HotelListing.API\HotelListing.API.csproj", "{DDF52124-B1FF-4D0C-9ED6-B46CF2E329CD}"
EndProject
Global
	GlobalSection(SolutionConfigurationPlatforms) = preSolution
		Debug|Any CPU = Debug|Any CPU
		Release|Any CPU = Release|Any CPU
	EndGlobalSection
	GlobalSection(ProjectConfigurationPlatforms) = postSolution
		{DDF52124-B1FF-4D0C-9ED6-B46CF2E329CD}.Debug|Any CPU.ActiveCfg = Debug|Any CPU
		{DDF52124-B1FF-4D0C-9ED6-B46CF2E329CD}.Debug|Any CPU.Build.0 = Debug|Any CPU
		{DDF52124-B1FF-4D0C-9ED6-B46CF2E329CD}.Release|Any CPU.ActiveCfg = Release|Any CPU
		{DDF52124-B1FF-4D0C-9ED6-B46CF2E329CD}.Release|Any CPU.Build.0 = Release|Any CPU
	EndGlobalSection
	GlobalSection(SolutionProperties) = preSolution
		HideSolutionNode = FALSE
	EndGlobalSection
	GlobalSection(ExtensibilityGlobals) = postSolution
		SolutionGuid = {07C054DD-4F6A-4B17-86CE-33D3CBFE7E3D}
	EndGlobalSection
EndGlobal
